
Microsoft Visual Studio Solution File, Format Version 12.00
# Visual Studio Version 17
VisualStudioVersion = 17.5.33516.290
MinimumVisualStudioVersion = 10.0.40219.1
Project("{FAE04EC0-301F-11D3-BF4B-00C04F79EFBC}") = "TrainingcenterAPI_test", "TrainingcenterAPI_test.csproj", "{804D1496-C466-4A19-8FDA-511BED75CCE6}"
EndProject
Global
	GlobalSection(SolutionConfigurationPlatforms) = preSolution
		Debug|Any CPU = Debug|Any CPU
		Release|Any CPU = Release|Any CPU
	EndGlobalSection
	GlobalSection(ProjectConfigurationPlatforms) = postSolution
		{804D1496-C466-4A19-8FDA-511BED75CCE6}.Debug|Any CPU.ActiveCfg = Debug|Any CPU
		{804D1496-C466-4A19-8FDA-511BED75CCE6}.Debug|Any CPU.Build.0 = Debug|Any CPU
		{804D1496-C466-4A19-8FDA-511BED75CCE6}.Release|Any CPU.ActiveCfg = Release|Any CPU
		{804D1496-C466-4A19-8FDA-511BED75CCE6}.Release|Any CPU.Build.0 = Release|Any CPU
	EndGlobalSection
	GlobalSection(SolutionProperties) = preSolution
		HideSolutionNode = FALSE
	EndGlobalSection
	GlobalSection(ExtensibilityGlobals) = postSolution
		SolutionGuid = {49417B24-36F3-4755-A497-0DA3F0E384E2}
	EndGlobalSection
EndGlobal
